<?xml version="1.0" encoding="UTF-8"?>
<Scheme
   LastUpgradeVersion = "1300"
   version = "1.7">
   <BuildAction
      parallelizeBuildables = "YES"
      buildImplicitDependencies = "YES">
      <PreActions>
         <ExecutionAction
            ActionType = "Xcode.IDEStandardExecutionActionsCore.ExecutionActionType.ShellScriptAction">
            <ActionContent
               title = "Read DART_ENV.config"
               scriptText = "# Type a script or drag a script file from your workspace to insert its path.&#10;DART_ENV=&apos;production&apos;&#10;for E_DART_DEFINE in $(echo $DART_DEFINES | tr &quot;,&quot; &quot;\n&quot;)&#10;do&#10;    DC_DART_DEFINE=$(echo $E_DART_DEFINE | base64 --decode)&#10;    KEY_VALUE=(${DC_DART_DEFINE//=/ })&#10;    if [ ${KEY_VALUE[0]} == &apos;DART_ENV&apos; ]&#10;    then&#10;      DART_ENV=${KEY_VALUE[1]}&#10;    fi&#10;done&#10;&#10;&#10;cp ${SRCROOT}/../config/${DART_ENV}.config ${SRCROOT}/Flutter/GeneratedEnvironment.xcconfig&#10;">
               <EnvironmentBuildable>
                  <BuildableReference
                     BuildableIdentifier = "primary"
                     BlueprintIdentifier = "97C146ED1CF9000F007C117D"
                     BuildableName = "Runner.app"
                     BlueprintName = "Runner"
                     ReferencedContainer = "container:Runner.xcodeproj">
                  </BuildableReference>
               </EnvironmentBuildable>
            </ActionContent>
         </ExecutionAction>
      </PreActions>
      <BuildActionEntries>
         <BuildActionEntry
            buildForTesting = "YES"
            buildForRunning = "YES"
            buildForProfiling = "YES"
            buildForArchiving = "YES"
            buildForAnalyzing = "YES">
            <BuildableReference
               BuildableIdentifier = "primary"
               BlueprintIdentifier = "97C146ED1CF9000F007C117D"
               BuildableName = "Runner.app"
               BlueprintName = "Runner"
               ReferencedContainer = "container:Runner.xcodeproj">
            </BuildableReference>
         </BuildActionEntry>
      </BuildActionEntries>
   </BuildAction>
   <TestAction
      buildConfiguration = "Debug"
      selectedDebuggerIdentifier = "Xcode.DebuggerFoundation.Debugger.LLDB"
      selectedLauncherIdentifier = "Xcode.DebuggerFoundation.Launcher.LLDB"
      shouldUseLaunchSchemeArgsEnv = "YES">
      <MacroExpansion>
         <BuildableReference
            BuildableIdentifier = "primary"
            BlueprintIdentifier = "97C146ED1CF9000F007C117D"
            BuildableName = "Runner.app"
            BlueprintName = "Runner"
            ReferencedContainer = "container:Runner.xcodeproj">
         </BuildableReference>
      </MacroExpansion>
      <Testables>
      </Testables>
   </TestAction>
   <LaunchAction
      buildConfiguration = "Debug"
      selectedDebuggerIdentifier = "Xcode.DebuggerFoundation.Debugger.LLDB"
      selectedLauncherIdentifier = "Xcode.DebuggerFoundation.Launcher.LLDB"
      launchStyle = "0"
      useCustomWorkingDirectory = "NO"
      ignoresPersistentStateOnLaunch = "NO"
      debugDocumentVersioning = "YES"
      debugServiceExtension = "internal"
      allowLocationSimulation = "YES">
      <BuildableProductRunnable
         runnableDebuggingMode = "0">
         <BuildableReference
            BuildableIdentifier = "primary"
            BlueprintIdentifier = "97C146ED1CF9000F007C117D"
            BuildableName = "Runner.app"
            BlueprintName = "Runner"
            ReferencedContainer = "container:Runner.xcodeproj">
         </BuildableReference>
      </BuildableProductRunnable>
   </LaunchAction>
   <ProfileAction
      buildConfiguration = "Profile"
      shouldUseLaunchSchemeArgsEnv = "YES"
      savedToolIdentifier = ""
      useCustomWorkingDirectory = "NO"
      debugDocumentVersioning = "YES">
      <BuildableProductRunnable
         runnableDebuggingMode = "0">
         <BuildableReference
            BuildableIdentifier = "primary"
            BlueprintIdentifier = "97C146ED1CF9000F007C117D"
            BuildableName = "Runner.app"
            BlueprintName = "Runner"
            ReferencedContainer = "container:Runner.xcodeproj">
         </BuildableReference>
      </BuildableProductRunnable>
   </ProfileAction>
   <AnalyzeAction
      buildConfiguration = "Debug">
   </AnalyzeAction>
   <ArchiveAction
      buildConfiguration = "Release"
      revealArchiveInOrganizer = "YES">
   </ArchiveAction>
</Scheme>
